
Microsoft Visual Studio Solution File, Format Version 12.00
# Visual Studio 14
VisualStudioVersion = 14.0.23107.0
MinimumVisualStudioVersion = 10.0.40219.1
Project("{FAE04EC0-301F-11D3-BF4B-00C04F79EFBC}") = "MVC_test", "MVC_test\MVC_test.csproj", "{585E8A02-D368-462F-93B0-487CFA9991B7}"
EndProject
Project("{FAE04EC0-301F-11D3-BF4B-00C04F79EFBC}") = "MVC_test.Tests", "MVC_test.Tests\MVC_test.Tests.csproj", "{93BA0D29-7D9A-4052-A38A-97D7E19BB614}"
EndProject
Global
	GlobalSection(SolutionConfigurationPlatforms) = preSolution
		Debug|Any CPU = Debug|Any CPU
		Release|Any CPU = Release|Any CPU
	EndGlobalSection
	GlobalSection(ProjectConfigurationPlatforms) = postSolution
		{585E8A02-D368-462F-93B0-487CFA9991B7}.Debug|Any CPU.ActiveCfg = Debug|Any CPU
		{585E8A02-D368-462F-93B0-487CFA9991B7}.Debug|Any CPU.Build.0 = Debug|Any CPU
		{585E8A02-D368-462F-93B0-487CFA9991B7}.Release|Any CPU.ActiveCfg = Release|Any CPU
		{585E8A02-D368-462F-93B0-487CFA9991B7}.Release|Any CPU.Build.0 = Release|Any CPU
		{93BA0D29-7D9A-4052-A38A-97D7E19BB614}.Debug|Any CPU.ActiveCfg = Debug|Any CPU
		{93BA0D29-7D9A-4052-A38A-97D7E19BB614}.Debug|Any CPU.Build.0 = Debug|Any CPU
		{93BA0D29-7D9A-4052-A38A-97D7E19BB614}.Release|Any CPU.ActiveCfg = Release|Any CPU
		{93BA0D29-7D9A-4052-A38A-97D7E19BB614}.Release|Any CPU.Build.0 = Release|Any CPU
	EndGlobalSection
	GlobalSection(SolutionProperties) = preSolution
		HideSolutionNode = FALSE
	EndGlobalSection
EndGlobal
